
Microsoft Visual Studio Solution File, Format Version 12.00
# Visual Studio Version 17
VisualStudioVersion = 17.2.32602.215
MinimumVisualStudioVersion = 10.0.40219.1
Project("{FAE04EC0-301F-11D3-BF4B-00C04F79EFBC}") = "CSHarp_Algorithms", "CSHarp_Algorithms\CSHarp_Algorithms.csproj", "{08FD19BC-5F69-4BB5-B22D-D959F2BCCCE6}"
EndProject
Global
	GlobalSection(SolutionConfigurationPlatforms) = preSolution
		Debug|Any CPU = Debug|Any CPU
		Release|Any CPU = Release|Any CPU
	EndGlobalSection
	GlobalSection(ProjectConfigurationPlatforms) = postSolution
		{08FD19BC-5F69-4BB5-B22D-D959F2BCCCE6}.Debug|Any CPU.ActiveCfg = Debug|Any CPU
		{08FD19BC-5F69-4BB5-B22D-D959F2BCCCE6}.Debug|Any CPU.Build.0 = Debug|Any CPU
		{08FD19BC-5F69-4BB5-B22D-D959F2BCCCE6}.Release|Any CPU.ActiveCfg = Release|Any CPU
		{08FD19BC-5F69-4BB5-B22D-D959F2BCCCE6}.Release|Any CPU.Build.0 = Release|Any CPU
	EndGlobalSection
	GlobalSection(SolutionProperties) = preSolution
		HideSolutionNode = FALSE
	EndGlobalSection
	GlobalSection(ExtensibilityGlobals) = postSolution
		SolutionGuid = {742384BB-A6CA-4665-8FC7-C46017248450}
	EndGlobalSection
EndGlobal
